{
  "name": "js-to-ts",
  "version": "1.0.0",
  "lockfileVersion": 1,
  "requires": true,
  "dependencies": {
    "buntis": {
      "version": "0.2.1",
      "resolved": "https://registry.npmjs.org/buntis/-/buntis-0.2.1.tgz",
      "integrity": "sha512-5wszfQlsqJmZrfxpPkO5yQcEoBAmfUYlXxXU/IM6PhPZ8DMnMMJQ9rvAHfe5WZmnB6E1IoJYylFfTaf1e2FJbQ=="
    }
  }
}
